PODS:
  - DKCategories (0.2)
  - DKDataCache (0.2)
  - GitHubOAuthController (0.1)
  - HexColors (2.2.1)
  - Keys (1.0.0)
  - NSStringEmojize (0.2.0)
  - OcticonsIOS (0.0.2)
  - SloppySwiper (0.4.1)
  - TSMessages (0.9.12):
    - HexColors (~> 2.2.0)

DEPENDENCIES:
  - DKCategories (~> 0.2)
  - DKDataCache (~> 0.2)
  - GitHubOAuthController (~> 0.1)
  - Keys (from `Pods/CocoaPodsKeys`)
  - NSStringEmojize (~> 0.2)
  - OcticonsIOS (~> 0.0.2)
  - SloppySwiper (~> 0.4.0)
  - TSMessages (~> 0.9.2)

EXTERNAL SOURCES:
  Keys:
    :path: Pods/CocoaPodsKeys

SPEC CHECKSUMS:
  DKCategories: 3546b9cff779a6541e44ba52b56604f731e980fa
  DKDataCache: 9741cef8ba45f25d186734f15bb13949d1c1d274
  GitHubOAuthController: 6d147f984e1ce5863b522ee3fb7a453468102974
  HexColors: abfd172e329dab59888614ccba6f216cec59289d
  Keys: 7d2ff6ff42f6903358267ce56e9392f83c31acfe
  NSStringEmojize: bd60199a25d745365b393fb95a2c6471bb9a2e99
  OcticonsIOS: 845ce2794c2837cf688049c4782467ef0c3c949d
  SloppySwiper: 9518b65478d92b8ea9ffd283c1ce3e5d123bf3a9
  TSMessages: c8cc7b80f2a833af533872cd02010cac061532cc

COCOAPODS: 0.38.2
